/n/holyscratch01/arguelles_delgado_lab/Users/jbook/fs/n/holylfs05/LABS/arguelles_delgado_lab/Lab/IceCube_MC/HNL/Upgrade1/190303/Phot/1_0.i3.zst
/n/holyscratch01/arguelles_delgado_lab/Users/jbook/fs/n/holylfs05/LABS/arguelles_delgado_lab/Lab/IceCube_MC/HNL/Upgrade1/190303/Det/1_0.i3.zst
/n/holyscratch01/arguelles_delgado_lab/Users/jbook/fs/n/holylfs05/LABS/arguelles_delgado_lab/Lab/IceCube_MC/HNL/Upgrade1/190303/Step4/1_0.i3.zst
